
Microsoft Visual Studio Solution File, Format Version 12.00
# Visual Studio 2012
Project("{8BC9CEB8-8B4A-11D0-8D11-00A0C91BC942}") = "Testing_Threads", "Testing_Threads\Testing_Threads.vcxproj", "{F051FB26-2299-4350-BF48-4C98D0BDC31F}"
EndProject
Global
	GlobalSection(SolutionConfigurationPlatforms) = preSolution
		Debug|Win32 = Debug|Win32
		Release|Win32 = Release|Win32
	EndGlobalSection
	GlobalSection(ProjectConfigurationPlatforms) = postSolution
		{F051FB26-2299-4350-BF48-4C98D0BDC31F}.Debug|Win32.ActiveCfg = Debug|Win32
		{F051FB26-2299-4350-BF48-4C98D0BDC31F}.Debug|Win32.Build.0 = Debug|Win32
		{F051FB26-2299-4350-BF48-4C98D0BDC31F}.Release|Win32.ActiveCfg = Release|Win32
		{F051FB26-2299-4350-BF48-4C98D0BDC31F}.Release|Win32.Build.0 = Release|Win32
	EndGlobalSection
	GlobalSection(SolutionProperties) = preSolution
		HideSolutionNode = FALSE
	EndGlobalSection
EndGlobal
